
Microsoft Visual Studio Solution File, Format Version 12.00
# Visual Studio 15
VisualStudioVersion = 15.0.26020.0
MinimumVisualStudioVersion = 10.0.40219.1
Project("{FAE04EC0-301F-11D3-BF4B-00C04F79EFBC}") = "Client.Console", "Client.Console\Client.Console.csproj", "{77DD871E-D4AC-4F00-A2F7-068EAF121E7D}"
EndProject
Project("{FAE04EC0-301F-11D3-BF4B-00C04F79EFBC}") = "RankedSearch", "RankedSearch\RankedSearch.csproj", "{1EB6B70D-B83D-4F93-8015-F7FE108AA60A}"
EndProject
Project("{FAE04EC0-301F-11D3-BF4B-00C04F79EFBC}") = "Extensions", "Extensions\Extensions.csproj", "{9DA21E54-3E81-4C2F-8C67-3CC2FA2B9235}"
EndProject
Global
	GlobalSection(SolutionConfigurationPlatforms) = preSolution
		Debug|Any CPU = Debug|Any CPU
		Debug|x64 = Debug|x64
		Debug|x86 = Debug|x86
		Release|Any CPU = Release|Any CPU
		Release|x64 = Release|x64
		Release|x86 = Release|x86
	EndGlobalSection
	GlobalSection(ProjectConfigurationPlatforms) = postSolution
		{77DD871E-D4AC-4F00-A2F7-068EAF121E7D}.Debug|Any CPU.ActiveCfg = Debug|Any CPU
		{77DD871E-D4AC-4F00-A2F7-068EAF121E7D}.Debug|Any CPU.Build.0 = Debug|Any CPU
		{77DD871E-D4AC-4F00-A2F7-068EAF121E7D}.Debug|x64.ActiveCfg = Debug|Any CPU
		{77DD871E-D4AC-4F00-A2F7-068EAF121E7D}.Debug|x64.Build.0 = Debug|Any CPU
		{77DD871E-D4AC-4F00-A2F7-068EAF121E7D}.Debug|x86.ActiveCfg = Debug|Any CPU
		{77DD871E-D4AC-4F00-A2F7-068EAF121E7D}.Debug|x86.Build.0 = Debug|Any CPU
		{77DD871E-D4AC-4F00-A2F7-068EAF121E7D}.Release|Any CPU.ActiveCfg = Release|Any CPU
		{77DD871E-D4AC-4F00-A2F7-068EAF121E7D}.Release|Any CPU.Build.0 = Release|Any CPU
		{77DD871E-D4AC-4F00-A2F7-068EAF121E7D}.Release|x64.ActiveCfg = Release|Any CPU
		{77DD871E-D4AC-4F00-A2F7-068EAF121E7D}.Release|x64.Build.0 = Release|Any CPU
		{77DD871E-D4AC-4F00-A2F7-068EAF121E7D}.Release|x86.ActiveCfg = Release|Any CPU
		{77DD871E-D4AC-4F00-A2F7-068EAF121E7D}.Release|x86.Build.0 = Release|Any CPU
		{1EB6B70D-B83D-4F93-8015-F7FE108AA60A}.Debug|Any CPU.ActiveCfg = Debug|Any CPU
		{1EB6B70D-B83D-4F93-8015-F7FE108AA60A}.Debug|Any CPU.Build.0 = Debug|Any CPU
		{1EB6B70D-B83D-4F93-8015-F7FE108AA60A}.Debug|x64.ActiveCfg = Debug|Any CPU
		{1EB6B70D-B83D-4F93-8015-F7FE108AA60A}.Debug|x64.Build.0 = Debug|Any CPU
		{1EB6B70D-B83D-4F93-8015-F7FE108AA60A}.Debug|x86.ActiveCfg = Debug|Any CPU
		{1EB6B70D-B83D-4F93-8015-F7FE108AA60A}.Debug|x86.Build.0 = Debug|Any CPU
		{1EB6B70D-B83D-4F93-8015-F7FE108AA60A}.Release|Any CPU.ActiveCfg = Release|Any CPU
		{1EB6B70D-B83D-4F93-8015-F7FE108AA60A}.Release|Any CPU.Build.0 = Release|Any CPU
		{1EB6B70D-B83D-4F93-8015-F7FE108AA60A}.Release|x64.ActiveCfg = Release|Any CPU
		{1EB6B70D-B83D-4F93-8015-F7FE108AA60A}.Release|x64.Build.0 = Release|Any CPU
		{1EB6B70D-B83D-4F93-8015-F7FE108AA60A}.Release|x86.ActiveCfg = Release|Any CPU
		{1EB6B70D-B83D-4F93-8015-F7FE108AA60A}.Release|x86.Build.0 = Release|Any CPU
		{9DA21E54-3E81-4C2F-8C67-3CC2FA2B9235}.Debug|Any CPU.ActiveCfg = Debug|Any CPU
		{9DA21E54-3E81-4C2F-8C67-3CC2FA2B9235}.Debug|Any CPU.Build.0 = Debug|Any CPU
		{9DA21E54-3E81-4C2F-8C67-3CC2FA2B9235}.Debug|x64.ActiveCfg = Debug|Any CPU
		{9DA21E54-3E81-4C2F-8C67-3CC2FA2B9235}.Debug|x64.Build.0 = Debug|Any CPU
		{9DA21E54-3E81-4C2F-8C67-3CC2FA2B9235}.Debug|x86.ActiveCfg = Debug|Any CPU
		{9DA21E54-3E81-4C2F-8C67-3CC2FA2B9235}.Debug|x86.Build.0 = Debug|Any CPU
		{9DA21E54-3E81-4C2F-8C67-3CC2FA2B9235}.Release|Any CPU.ActiveCfg = Release|Any CPU
		{9DA21E54-3E81-4C2F-8C67-3CC2FA2B9235}.Release|Any CPU.Build.0 = Release|Any CPU
		{9DA21E54-3E81-4C2F-8C67-3CC2FA2B9235}.Release|x64.ActiveCfg = Release|Any CPU
		{9DA21E54-3E81-4C2F-8C67-3CC2FA2B9235}.Release|x64.Build.0 = Release|Any CPU
		{9DA21E54-3E81-4C2F-8C67-3CC2FA2B9235}.Release|x86.ActiveCfg = Release|Any CPU
		{9DA21E54-3E81-4C2F-8C67-3CC2FA2B9235}.Release|x86.Build.0 = Release|Any CPU
	EndGlobalSection
	GlobalSection(SolutionProperties) = preSolution
		HideSolutionNode = FALSE
	EndGlobalSection
EndGlobal
